
Microsoft Visual Studio Solution File, Format Version 12.00
# Visual Studio Version 16
VisualStudioVersion = 16.0.31105.61
MinimumVisualStudioVersion = 10.0.40219.1
Project("{9A19103F-16F7-4668-BE54-9A1E7A4F7556}") = "ImageScraper", "ImageScraper\ImageScraper.csproj", "{0CB11BF8-4E17-48EE-9DC9-F0278F6915B4}"
EndProject
Project("{FAE04EC0-301F-11D3-BF4B-00C04F79EFBC}") = "ClassLibrary", "ClassLibrary\ClassLibrary.csproj", "{8CD58D2D-DE07-4CEC-B821-FCD411262E89}"
EndProject
Global
	GlobalSection(SolutionConfigurationPlatforms) = preSolution
		Debug|Any CPU = Debug|Any CPU
		Release|Any CPU = Release|Any CPU
	EndGlobalSection
	GlobalSection(ProjectConfigurationPlatforms) = postSolution
		{0CB11BF8-4E17-48EE-9DC9-F0278F6915B4}.Debug|Any CPU.ActiveCfg = Debug|Any CPU
		{0CB11BF8-4E17-48EE-9DC9-F0278F6915B4}.Debug|Any CPU.Build.0 = Debug|Any CPU
		{0CB11BF8-4E17-48EE-9DC9-F0278F6915B4}.Release|Any CPU.ActiveCfg = Release|Any CPU
		{0CB11BF8-4E17-48EE-9DC9-F0278F6915B4}.Release|Any CPU.Build.0 = Release|Any CPU
		{8CD58D2D-DE07-4CEC-B821-FCD411262E89}.Debug|Any CPU.ActiveCfg = Debug|Any CPU
		{8CD58D2D-DE07-4CEC-B821-FCD411262E89}.Debug|Any CPU.Build.0 = Debug|Any CPU
		{8CD58D2D-DE07-4CEC-B821-FCD411262E89}.Release|Any CPU.ActiveCfg = Release|Any CPU
		{8CD58D2D-DE07-4CEC-B821-FCD411262E89}.Release|Any CPU.Build.0 = Release|Any CPU
	EndGlobalSection
	GlobalSection(SolutionProperties) = preSolution
		HideSolutionNode = FALSE
	EndGlobalSection
	GlobalSection(ExtensibilityGlobals) = postSolution
		SolutionGuid = {5C955791-4F98-4D5B-9DAF-3D8FF98E1824}
	EndGlobalSection
EndGlobal
